# This file is automatically @generated by Cargo.
# It is not intended for manual editing.
version = 3

[[package]]
name = "file-sort"
version = "0.1.0"
dependencies = [
 "rust-fuzzy-search",
]

[[package]]
name = "rust-fuzzy-search"
version = "0.1.1"
source = "git+https://gitlab.com/EnricoCh/rust-fuzzy-search#aa760d75df956f0c12a429be92e4350329e25246"
